
Microsoft Visual Studio Solution File, Format Version 12.00
# Visual Studio Version 17
VisualStudioVersion = 17.0.31903.59
MinimumVisualStudioVersion = 10.0.40219.1
Project("{2150E333-8FDC-42A3-9474-1A3956D46DE8}") = "src", "src", "{827E0CD3-B72D-47B6-A68D-7590B98EB39B}"
EndProject
Project("{FAE04EC0-301F-11D3-BF4B-00C04F79EFBC}") = "ValidationToolkit", "src\ValidationToolkit\ValidationToolkit.csproj", "{8D7E2A6B-2536-4AC6-A4C8-ADABFF94025F}"
EndProject
Project("{2150E333-8FDC-42A3-9474-1A3956D46DE8}") = "tests", "tests", "{0AB3BF05-4346-4AA6-1389-037BE0695223}"
EndProject
Project("{FAE04EC0-301F-11D3-BF4B-00C04F79EFBC}") = "ValidationToolkit.Tests", "tests\ValidationToolkit.Tests\ValidationToolkit.Tests.csproj", "{8159BEAC-CB9A-4392-891A-ABFFD38B4FAD}"
EndProject
Global
	GlobalSection(SolutionConfigurationPlatforms) = preSolution
		Debug|Any CPU = Debug|Any CPU
		Debug|x64 = Debug|x64
		Debug|x86 = Debug|x86
		Release|Any CPU = Release|Any CPU
		Release|x64 = Release|x64
		Release|x86 = Release|x86
	EndGlobalSection
	GlobalSection(ProjectConfigurationPlatforms) = postSolution
		{8D7E2A6B-2536-4AC6-A4C8-ADABFF94025F}.Debug|Any CPU.ActiveCfg = Debug|Any CPU
		{8D7E2A6B-2536-4AC6-A4C8-ADABFF94025F}.Debug|Any CPU.Build.0 = Debug|Any CPU
		{8D7E2A6B-2536-4AC6-A4C8-ADABFF94025F}.Debug|x64.ActiveCfg = Debug|Any CPU
		{8D7E2A6B-2536-4AC6-A4C8-ADABFF94025F}.Debug|x64.Build.0 = Debug|Any CPU
		{8D7E2A6B-2536-4AC6-A4C8-ADABFF94025F}.Debug|x86.ActiveCfg = Debug|Any CPU
		{8D7E2A6B-2536-4AC6-A4C8-ADABFF94025F}.Debug|x86.Build.0 = Debug|Any CPU
		{8D7E2A6B-2536-4AC6-A4C8-ADABFF94025F}.Release|Any CPU.ActiveCfg = Release|Any CPU
		{8D7E2A6B-2536-4AC6-A4C8-ADABFF94025F}.Release|Any CPU.Build.0 = Release|Any CPU
		{8D7E2A6B-2536-4AC6-A4C8-ADABFF94025F}.Release|x64.ActiveCfg = Release|Any CPU
		{8D7E2A6B-2536-4AC6-A4C8-ADABFF94025F}.Release|x64.Build.0 = Release|Any CPU
		{8D7E2A6B-2536-4AC6-A4C8-ADABFF94025F}.Release|x86.ActiveCfg = Release|Any CPU
		{8D7E2A6B-2536-4AC6-A4C8-ADABFF94025F}.Release|x86.Build.0 = Release|Any CPU
		{8159BEAC-CB9A-4392-891A-ABFFD38B4FAD}.Debug|Any CPU.ActiveCfg = Debug|Any CPU
		{8159BEAC-CB9A-4392-891A-ABFFD38B4FAD}.Debug|Any CPU.Build.0 = Debug|Any CPU
		{8159BEAC-CB9A-4392-891A-ABFFD38B4FAD}.Debug|x64.ActiveCfg = Debug|Any CPU
		{8159BEAC-CB9A-4392-891A-ABFFD38B4FAD}.Debug|x64.Build.0 = Debug|Any CPU
		{8159BEAC-CB9A-4392-891A-ABFFD38B4FAD}.Debug|x86.ActiveCfg = Debug|Any CPU
		{8159BEAC-CB9A-4392-891A-ABFFD38B4FAD}.Debug|x86.Build.0 = Debug|Any CPU
		{8159BEAC-CB9A-4392-891A-ABFFD38B4FAD}.Release|Any CPU.ActiveCfg = Release|Any CPU
		{8159BEAC-CB9A-4392-891A-ABFFD38B4FAD}.Release|Any CPU.Build.0 = Release|Any CPU
		{8159BEAC-CB9A-4392-891A-ABFFD38B4FAD}.Release|x64.ActiveCfg = Release|Any CPU
		{8159BEAC-CB9A-4392-891A-ABFFD38B4FAD}.Release|x64.Build.0 = Release|Any CPU
		{8159BEAC-CB9A-4392-891A-ABFFD38B4FAD}.Release|x86.ActiveCfg = Release|Any CPU
		{8159BEAC-CB9A-4392-891A-ABFFD38B4FAD}.Release|x86.Build.0 = Release|Any CPU
	EndGlobalSection
	GlobalSection(SolutionProperties) = preSolution
		HideSolutionNode = FALSE
	EndGlobalSection
	GlobalSection(NestedProjects) = preSolution
		{8D7E2A6B-2536-4AC6-A4C8-ADABFF94025F} = {827E0CD3-B72D-47B6-A68D-7590B98EB39B}
		{8159BEAC-CB9A-4392-891A-ABFFD38B4FAD} = {0AB3BF05-4346-4AA6-1389-037BE0695223}
	EndGlobalSection
EndGlobal
